// !$*UTF8*$!
{
	archiveVersion = 1;
	classes = {
	};
	objectVersion = 50;
	objects = {

/* Begin PBXBuildFile section */
		CDD21D0A2373252C005E6E32 /* AppDelegate.swift in Sources */ = {isa = PBXBuildFile; fileRef = CDD21D092373252C005E6E32 /* AppDelegate.swift */; };
		CDD21D0C2373252C005E6E32 /* SceneDelegate.swift in Sources */ = {isa = PBXBuildFile; fileRef = CDD21D0B2373252C005E6E32 /* SceneDelegate.swift */; };
		CDD21D0E2373252C005E6E32 /* ViewController.swift in Sources */ = {isa = PBXBuildFile; fileRef = CDD21D0D2373252C005E6E32 /* ViewController.swift */; };
		CDD21D112373252C005E6E32 /* Main.storyboard in Resources */ = {isa = PBXBuildFile; fileRef = CDD21D0F2373252C005E6E32 /* Main.storyboard */; };
		CDD21D1323732531005E6E32 /* Assets.xcassets in Resources */ = {isa = PBXBuildFile; fileRef = CDD21D1223732531005E6E32 /* Assets.xcassets */; };
		CDD21D1623732531005E6E32 /* LaunchScreen.storyboard in Resources */ = {isa = PBXBuildFile; fileRef = CDD21D1423732531005E6E32 /* LaunchScreen.storyboard */; };
		CDD21D2123732532005E6E32 /* ControlsLabTests.swift in Sources */ = {isa = PBXBuildFile; fileRef = CDD21D2023732532005E6E32 /* ControlsLabTests.swift */; };
		CDD21D2C23732C24005E6E32 /* Suit.swift in Sources */ = {isa = PBXBuildFile; fileRef = CDD21D2B23732C24005E6E32 /* Suit.swift */; };
		CDD21D2E23732D75005E6E32 /* Card.swift in Sources */ = {isa = PBXBuildFile; fileRef = CDD21D2D23732D74005E6E32 /* Card.swift */; };
		CDD21D3023733492005E6E32 /* CardValue.swift in Sources */ = {isa = PBXBuildFile; fileRef = CDD21D2F23733492005E6E32 /* CardValue.swift */; };
/* End PBXBuildFile section */

/* Begin PBXContainerItemProxy section */
		CDD21D1D23732532005E6E32 /* PBXContainerItemProxy */ = {
			isa = PBXContainerItemProxy;
			containerPortal = CDD21CFE2373252C005E6E32 /* Project object */;
			proxyType = 1;
			remoteGlobalIDString = CDD21D052373252C005E6E32;
			remoteInfo = ControlsLab;
		};
/* End PBXContainerItemProxy section */

/* Begin PBXFileReference section */
		CDD21D062373252C005E6E32 /* ControlsLab.app */ = {isa = PBXFileReference; explicitFileType = wrapper.application; includeInIndex = 0; path = ControlsLab.app; sourceTree = BUILT_PRODUCTS_DIR; };
		CDD21D092373252C005E6E32 /* AppDelegate.swift */ = {isa = PBXFileReference; lastKnownFileType = sourcecode.swift; path = AppDelegate.swift; sourceTree = "<group>"; };
		CDD21D0B2373252C005E6E32 /* SceneDelegate.swift */ = {isa = PBXFileReference; lastKnownFileType = sourcecode.swift; path = SceneDelegate.swift; sourceTree = "<group>"; };
		CDD21D0D2373252C005E6E32 /* ViewController.swift */ = {isa = PBXFileReference; lastKnownFileType = sourcecode.swift; path = ViewController.swift; sourceTree = "<group>"; };
		CDD21D102373252C005E6E32 /* Base */ = {isa = PBXFileReference; lastKnownFileType = file.storyboard; name = Base; path = Base.lproj/Main.storyboard; sourceTree = "<group>"; };
		CDD21D1223732531005E6E32 /* Assets.xcassets */ = {isa = PBXFileReference; lastKnownFileType = folder.assetcatalog; path = Assets.xcassets; sourceTree = "<group>"; };
		CDD21D1523732531005E6E32 /* Base */ = {isa = PBXFileReference; lastKnownFileType = file.storyboard; name = Base; path = Base.lproj/LaunchScreen.storyboard; sourceTree = "<group>"; };
		CDD21D1723732531005E6E32 /* Info.plist */ = {isa = PBXFileReference; lastKnownFileType = text.plist.xml; path = Info.plist; sourceTree = "<group>"; };
		CDD21D1C23732532005E6E32 /* ControlsLabTests.xctest */ = {isa = PBXFileReference; explicitFileType = wrapper.cfbundle; includeInIndex = 0; path = ControlsLabTests.xctest; sourceTree = BUILT_PRODUCTS_DIR; };
		CDD21D2023732532005E6E32 /* ControlsLabTests.swift */ = {isa = PBXFileReference; lastKnownFileType = sourcecode.swift; path = ControlsLabTests.swift; sourceTree = "<group>"; };
		CDD21D2223732532005E6E32 /* Info.plist */ = {isa = PBXFileReference; lastKnownFileType = text.plist.xml; path = Info.plist; sourceTree = "<group>"; };
		CDD21D2B23732C24005E6E32 /* Suit.swift */ = {isa = PBXFileReference; lastKnownFileType = sourcecode.swift; path = Suit.swift; sourceTree = "<group>"; };
		CDD21D2D23732D74005E6E32 /* Card.swift */ = {isa = PBXFileReference; lastKnownFileType = sourcecode.swift; path = Card.swift; sourceTree = "<group>"; };
		CDD21D2F23733492005E6E32 /* CardValue.swift */ = {isa = PBXFileReference; lastKnownFileType = sourcecode.swift; path = CardValue.swift; sourceTree = "<group>"; };
/* End PBXFileReference section */

/* Begin PBXFrameworksBuildPhase section */
		CDD21D032373252C005E6E32 /* Frameworks */ = {
			isa = PBXFrameworksBuildPhase;
			buildActionMask = 2147483647;
			files = (
			);
			runOnlyForDeploymentPostprocessing = 0;
		};
		CDD21D1923732532005E6E32 /* Frameworks */ = {
			isa = PBXFrameworksBuildPhase;
			buildActionMask = 2147483647;
			files = (
			);
			runOnlyForDeploymentPostprocessing = 0;
		};
/* End PBXFrameworksBuildPhase section */

/* Begin PBXGroup section */
		CDD21CFD2373252C005E6E32 = {
			isa = PBXGroup;
			children = (
				CDD21D082373252C005E6E32 /* ControlsLab */,
				CDD21D1F23732532005E6E32 /* ControlsLabTests */,
				CDD21D072373252C005E6E32 /* Products */,
			);
			sourceTree = "<group>";
		};
		CDD21D072373252C005E6E32 /* Products */ = {
			isa = PBXGroup;
			children = (
				CDD21D062373252C005E6E32 /* ControlsLab.app */,
				CDD21D1C23732532005E6E32 /* ControlsLabTests.xctest */,
			);
			name = Products;
			sourceTree = "<group>";
		};
		CDD21D082373252C005E6E32 /* ControlsLab */ = {
			isa = PBXGroup;
			children = (
				CDD21D092373252C005E6E32 /* AppDelegate.swift */,
				CDD21D0B2373252C005E6E32 /* SceneDelegate.swift */,
				CDD21D0D2373252C005E6E32 /* ViewController.swift */,
				CDD21D2D23732D74005E6E32 /* Card.swift */,
				CDD21D2B23732C24005E6E32 /* Suit.swift */,
				CDD21D2F23733492005E6E32 /* CardValue.swift */,
				CDD21D0F2373252C005E6E32 /* Main.storyboard */,
				CDD21D1223732531005E6E32 /* Assets.xcassets */,
				CDD21D1423732531005E6E32 /* LaunchScreen.storyboard */,
				CDD21D1723732531005E6E32 /* Info.plist */,
			);
			path = ControlsLab;
			sourceTree = "<group>";
		};
		CDD21D1F23732532005E6E32 /* ControlsLabTests */ = {
			isa = PBXGroup;
			children = (
				CDD21D2023732532005E6E32 /* ControlsLabTests.swift */,
				CDD21D2223732532005E6E32 /* Info.plist */,
			);
			path = ControlsLabTests;
			sourceTree = "<group>";
		};
/* End PBXGroup section */

/* Begin PBXNativeTarget section */
		CDD21D052373252C005E6E32 /* ControlsLab */ = {
			isa = PBXNativeTarget;
			buildConfigurationList = CDD21D2523732532005E6E32 /* Build configuration list for PBXNativeTarget "ControlsLab" */;
			buildPhases = (
				CDD21D022373252C005E6E32 /* Sources */,
				CDD21D032373252C005E6E32 /* Frameworks */,
				CDD21D042373252C005E6E32 /* Resources */,
			);
			buildRules = (
			);
			dependencies = (
			);
			name = ControlsLab;
			productName = ControlsLab;
			productReference = CDD21D062373252C005E6E32 /* ControlsLab.app */;
			productType = "com.apple.product-type.application";
		};
		CDD21D1B23732532005E6E32 /* ControlsLabTests */ = {
			isa = PBXNativeTarget;
			buildConfigurationList = CDD21D2823732532005E6E32 /* Build configuration list for PBXNativeTarget "ControlsLabTests" */;
			buildPhases = (
				CDD21D1823732532005E6E32 /* Sources */,
				CDD21D1923732532005E6E32 /* Frameworks */,
				CDD21D1A23732532005E6E32 /* Resources */,
			);
			buildRules = (
			);
			dependencies = (
				CDD21D1E23732532005E6E32 /* PBXTargetDependency */,
			);
			name = ControlsLabTests;
			productName = ControlsLabTests;
			productReference = CDD21D1C23732532005E6E32 /* ControlsLabTests.xctest */;
			productType = "com.apple.product-type.bundle.unit-test";
		};
/* End PBXNativeTarget section */

/* Begin PBXProject section */
		CDD21CFE2373252C005E6E32 /* Project object */ = {
			isa = PBXProject;
			attributes = {
				LastSwiftUpdateCheck = 1100;
				LastUpgradeCheck = 1100;
				ORGANIZATIONNAME = "Benjamin Stone";
				TargetAttributes = {
					CDD21D052373252C005E6E32 = {
						CreatedOnToolsVersion = 11.0;
					};
					CDD21D1B23732532005E6E32 = {
						CreatedOnToolsVersion = 11.0;
						TestTargetID = CDD21D052373252C005E6E32;
					};
				};
			};
			buildConfigurationList = CDD21D012373252C005E6E32 /* Build configuration list for PBXProject "ControlsLab" */;
			compatibilityVersion = "Xcode 9.3";
			developmentRegion = en;
			hasScannedForEncodings = 0;
			knownRegions = (
				en,
				Base,
			);
			mainGroup = CDD21CFD2373252C005E6E32;
			productRefGroup = CDD21D072373252C005E6E32 /* Products */;
			projectDirPath = "";
			projectRoot = "";
			targets = (
				CDD21D052373252C005E6E32 /* ControlsLab */,
				CDD21D1B23732532005E6E32 /* ControlsLabTests */,
			);
		};
/* End PBXProject section */

/* Begin PBXResourcesBuildPhase section */
		CDD21D042373252C005E6E32 /* Resources */ = {
			isa = PBXResourcesBuildPhase;
			buildActionMask = 2147483647;
			files = (
				CDD21D1623732531005E6E32 /* LaunchScreen.storyboard in Resources */,
				CDD21D1323732531005E6E32 /* Assets.xcassets in Resources */,
				CDD21D112373252C005E6E32 /* Main.storyboard in Resources */,
			);
			runOnlyForDeploymentPostprocessing = 0;
		};
		CDD21D1A23732532005E6E32 /* Resources */ = {
			isa = PBXResourcesBuildPhase;
			buildActionMask = 2147483647;
			files = (
			);
			runOnlyForDeploymentPostprocessing = 0;
		};
/* End PBXResourcesBuildPhase section */

/* Begin PBXSourcesBuildPhase section */
		CDD21D022373252C005E6E32 /* Sources */ = {
			isa = PBXSourcesBuildPhase;
			buildActionMask = 2147483647;
			files = (
				CDD21D0E2373252C005E6E32 /* ViewController.swift in Sources */,
				CDD21D0A2373252C005E6E32 /* AppDelegate.swift in Sources */,
				CDD21D2E23732D75005E6E32 /* Card.swift in Sources */,
				CDD21D2C23732C24005E6E32 /* Suit.swift in Sources */,
				CDD21D0C2373252C005E6E32 /* SceneDelegate.swift in Sources */,
				CDD21D3023733492005E6E32 /* CardValue.swift in Sources */,
			);
			runOnlyForDeploymentPostprocessing = 0;
		};
		CDD21D1823732532005E6E32 /* Sources */ = {
			isa = PBXSourcesBuildPhase;
			buildActionMask = 2147483647;
			files = (
				CDD21D2123732532005E6E32 /* ControlsLabTests.swift in Sources */,
			);
			runOnlyForDeploymentPostprocessing = 0;
		};
/* End PBXSourcesBuildPhase section */

/* Begin PBXTargetDependency section */
		CDD21D1E23732532005E6E32 /* PBXTargetDependency */ = {
			isa = PBXTargetDependency;
			target = CDD21D052373252C005E6E32 /* ControlsLab */;
			targetProxy = CDD21D1D23732532005E6E32 /* PBXContainerItemProxy */;
		};
/* End PBXTargetDependency section */

/* Begin PBXVariantGroup section */
		CDD21D0F2373252C005E6E32 /* Main.storyboard */ = {
			isa = PBXVariantGroup;
			children = (
				CDD21D102373252C005E6E32 /* Base */,
			);
			name = Main.storyboard;
			sourceTree = "<group>";
		};
		CDD21D1423732531005E6E32 /* LaunchScreen.storyboard */ = {
			isa = PBXVariantGroup;
			children = (
				CDD21D1523732531005E6E32 /* Base */,
			);
			name = LaunchScreen.storyboard;
			sourceTree = "<group>";
		};
/* End PBXVariantGroup section */

/* Begin XCBuildConfiguration section */
		CDD21D2323732532005E6E32 /* Debug */ = {
			isa = XCBuildConfiguration;
			buildSettings = {
				ALWAYS_SEARCH_USER_PATHS = NO;
				CLANG_ANALYZER_NONNULL = YES;
				CLANG_ANALYZER_NUMBER_OBJECT_CONVERSION = YES_AGGRESSIVE;
				CLANG_CXX_LANGUAGE_STANDARD = "gnu++14";
				CLANG_CXX_LIBRARY = "libc++";
				CLANG_ENABLE_MODULES = YES;
				CLANG_ENABLE_OBJC_ARC = YES;
				CLANG_ENABLE_OBJC_WEAK = YES;
				CLANG_WARN_BLOCK_CAPTURE_AUTORELEASING = YES;
				CLANG_WARN_BOOL_CONVERSION = YES;
				CLANG_WARN_COMMA = YES;
				CLANG_WARN_CONSTANT_CONVERSION = YES;
				CLANG_WARN_DEPRECATED_OBJC_IMPLEMENTATIONS = YES;
				CLANG_WARN_DIRECT_OBJC_ISA_USAGE = YES_ERROR;
				CLANG_WARN_DOCUMENTATION_COMMENTS = YES;
				CLANG_WARN_EMPTY_BODY = YES;
				CLANG_WARN_ENUM_CONVERSION = YES;
				CLANG_WARN_INFINITE_RECURSION = YES;
				CLANG_WARN_INT_CONVERSION = YES;
				CLANG_WARN_NON_LITERAL_NULL_CONVERSION = YES;
				CLANG_WARN_OBJC_IMPLICIT_RETAIN_SELF = YES;
				CLANG_WARN_OBJC_LITERAL_CONVERSION = YES;
				CLANG_WARN_OBJC_ROOT_CLASS = YES_ERROR;
				CLANG_WARN_RANGE_LOOP_ANALYSIS = YES;
				CLANG_WARN_STRICT_PROTOTYPES = YES;
				CLANG_WARN_SUSPICIOUS_MOVE = YES;
				CLANG_WARN_UNGUARDED_AVAILABILITY = YES_AGGRESSIVE;
				CLANG_WARN_UNREACHABLE_CODE = YES;
				CLANG_WARN__DUPLICATE_METHOD_MATCH = YES;
				COPY_PHASE_STRIP = NO;
				DEBUG_INFORMATION_FORMAT = dwarf;
				ENABLE_STRICT_OBJC_MSGSEND = YES;
				ENABLE_TESTABILITY = YES;
				GCC_C_LANGUAGE_STANDARD = gnu11;
				GCC_DYNAMIC_NO_PIC = NO;
				GCC_NO_COMMON_BLOCKS = YES;
				GCC_OPTIMIZATION_LEVEL = 0;
				GCC_PREPROCESSOR_DEFINITIONS = (
					"DEBUG=1",
					"$(inherited)",
				);
				GCC_WARN_64_TO_32_BIT_CONVERSION = YES;
				GCC_WARN_ABOUT_RETURN_TYPE = YES_ERROR;
				GCC_WARN_UNDECLARED_SELECTOR = YES;
				GCC_WARN_UNINITIALIZED_AUTOS = YES_AGGRESSIVE;
				GCC_WARN_UNUSED_FUNCTION = YES;
				GCC_WARN_UNUSED_VARIABLE = YES;
				IPHONEOS_DEPLOYMENT_TARGET = 13.0;
				MTL_ENABLE_DEBUG_INFO = INCLUDE_SOURCE;
				MTL_FAST_MATH = YES;
				ONLY_ACTIVE_ARCH = YES;
				SDKROOT = iphoneos;
				SWIFT_ACTIVE_COMPILATION_CONDITIONS = DEBUG;
				SWIFT_OPTIMIZATION_LEVEL = "-Onone";
			};
			name = Debug;
		};
		CDD21D2423732532005E6E32 /* Release */ = {
			isa = XCBuildConfiguration;
			buildSettings = {
				ALWAYS_SEARCH_USER_PATHS = NO;
				CLANG_ANALYZER_NONNULL = YES;
				CLANG_ANALYZER_NUMBER_OBJECT_CONVERSION = YES_AGGRESSIVE;
				CLANG_CXX_LANGUAGE_STANDARD = "gnu++14";
				CLANG_CXX_LIBRARY = "libc++";
				CLANG_ENABLE_MODULES = YES;
				CLANG_ENABLE_OBJC_ARC = YES;
				CLANG_ENABLE_OBJC_WEAK = YES;
				CLANG_WARN_BLOCK_CAPTURE_AUTORELEASING = YES;
				CLANG_WARN_BOOL_CONVERSION = YES;
				CLANG_WARN_COMMA = YES;
				CLANG_WARN_CONSTANT_CONVERSION = YES;
				CLANG_WARN_DEPRECATED_OBJC_IMPLEMENTATIONS = YES;
				CLANG_WARN_DIRECT_OBJC_ISA_USAGE = YES_ERROR;
				CLANG_WARN_DOCUMENTATION_COMMENTS = YES;
				CLANG_WARN_EMPTY_BODY = YES;
				CLANG_WARN_ENUM_CONVERSION = YES;
				CLANG_WARN_INFINITE_RECURSION = YES;
				CLANG_WARN_INT_CONVERSION = YES;
				CLANG_WARN_NON_LITERAL_NULL_CONVERSION = YES;
				CLANG_WARN_OBJC_IMPLICIT_RETAIN_SELF = YES;
				CLANG_WARN_OBJC_LITERAL_CONVERSION = YES;
				CLANG_WARN_OBJC_ROOT_CLASS = YES_ERROR;
				CLANG_WARN_RANGE_LOOP_ANALYSIS = YES;
				CLANG_WARN_STRICT_PROTOTYPES = YES;
				CLANG_WARN_SUSPICIOUS_MOVE = YES;
				CLANG_WARN_UNGUARDED_AVAILABILITY = YES_AGGRESSIVE;
				CLANG_WARN_UNREACHABLE_CODE = YES;
				CLANG_WARN__DUPLICATE_METHOD_MATCH = YES;
				COPY_PHASE_STRIP = NO;
				DEBUG_INFORMATION_FORMAT = "dwarf-with-dsym";
				ENABLE_NS_ASSERTIONS = NO;
				ENABLE_STRICT_OBJC_MSGSEND = YES;
				GCC_C_LANGUAGE_STANDARD = gnu11;
				GCC_NO_COMMON_BLOCKS = YES;
				GCC_WARN_64_TO_32_BIT_CONVERSION = YES;
				GCC_WARN_ABOUT_RETURN_TYPE = YES_ERROR;
				GCC_WARN_UNDECLARED_SELECTOR = YES;
				GCC_WARN_UNINITIALIZED_AUTOS = YES_AGGRESSIVE;
				GCC_WARN_UNUSED_FUNCTION = YES;
				GCC_WARN_UNUSED_VARIABLE = YES;
				IPHONEOS_DEPLOYMENT_TARGET = 13.0;
				MTL_ENABLE_DEBUG_INFO = NO;
				MTL_FAST_MATH = YES;
				SDKROOT = iphoneos;
				SWIFT_COMPILATION_MODE = wholemodule;
				SWIFT_OPTIMIZATION_LEVEL = "-O";
				VALIDATE_PRODUCT = YES;
			};
			name = Release;
		};
		CDD21D2623732532005E6E32 /* Debug */ = {
			isa = XCBuildConfiguration;
			buildSettings = {
				ASSETCATALOG_COMPILER_APPICON_NAME = AppIcon;
				CODE_SIGN_STYLE = Automatic;
				DEVELOPMENT_TEAM = 26RHXP32FH;
				INFOPLIST_FILE = ControlsLab/Info.plist;
				LD_RUNPATH_SEARCH_PATHS = (
					"$(inherited)",
					"@executable_path/Frameworks",
				);
				PRODUCT_BUNDLE_IDENTIFIER = pursuit.ControlsLab;
				PRODUCT_NAME = "$(TARGET_NAME)";
				SWIFT_VERSION = 5.0;
				TARGETED_DEVICE_FAMILY = "1,2";
			};
			name = Debug;
		};
		CDD21D2723732532005E6E32 /* Release */ = {
			isa = XCBuildConfiguration;
			buildSettings = {
				ASSETCATALOG_COMPILER_APPICON_NAME = AppIcon;
				CODE_SIGN_STYLE = Automatic;
				DEVELOPMENT_TEAM = 26RHXP32FH;
				INFOPLIST_FILE = ControlsLab/Info.plist;
				LD_RUNPATH_SEARCH_PATHS = (
					"$(inherited)",
					"@executable_path/Frameworks",
				);
				PRODUCT_BUNDLE_IDENTIFIER = pursuit.ControlsLab;
				PRODUCT_NAME = "$(TARGET_NAME)";
				SWIFT_VERSION = 5.0;
				TARGETED_DEVICE_FAMILY = "1,2";
			};
			name = Release;
		};
		CDD21D2923732532005E6E32 /* Debug */ = {
			isa = XCBuildConfiguration;
			buildSettings = {
				ALWAYS_EMBED_SWIFT_STANDARD_LIBRARIES = YES;
				BUNDLE_LOADER = "$(TEST_HOST)";
				CODE_SIGN_STYLE = Automatic;
				DEVELOPMENT_TEAM = 26RHXP32FH;
				INFOPLIST_FILE = ControlsLabTests/Info.plist;
				IPHONEOS_DEPLOYMENT_TARGET = 13.0;
				LD_RUNPATH_SEARCH_PATHS = (
					"$(inherited)",
					"@executable_path/Frameworks",
					"@loader_path/Frameworks",
				);
				PRODUCT_BUNDLE_IDENTIFIER = pursuit.ControlsLabTests;
				PRODUCT_NAME = "$(TARGET_NAME)";
				SWIFT_VERSION = 5.0;
				TARGETED_DEVICE_FAMILY = "1,2";
				TEST_HOST = "$(BUILT_PRODUCTS_DIR)/ControlsLab.app/ControlsLab";
			};
			name = Debug;
		};
		CDD21D2A23732532005E6E32 /* Release */ = {
			isa = XCBuildConfiguration;
			buildSettings = {
				ALWAYS_EMBED_SWIFT_STANDARD_LIBRARIES = YES;
				BUNDLE_LOADER = "$(TEST_HOST)";
				CODE_SIGN_STYLE = Automatic;
				DEVELOPMENT_TEAM = 26RHXP32FH;
				INFOPLIST_FILE = ControlsLabTests/Info.plist;
				IPHONEOS_DEPLOYMENT_TARGET = 13.0;
				LD_RUNPATH_SEARCH_PATHS = (
					"$(inherited)",
					"@executable_path/Frameworks",
					"@loader_path/Frameworks",
				);
				PRODUCT_BUNDLE_IDENTIFIER = pursuit.ControlsLabTests;
				PRODUCT_NAME = "$(TARGET_NAME)";
				SWIFT_VERSION = 5.0;
				TARGETED_DEVICE_FAMILY = "1,2";
				TEST_HOST = "$(BUILT_PRODUCTS_DIR)/ControlsLab.app/ControlsLab";
			};
			name = Release;
		};
/* End XCBuildConfiguration section */

/* Begin XCConfigurationList section */
		CDD21D012373252C005E6E32 /* Build configuration list for PBXProject "ControlsLab" */ = {
			isa = XCConfigurationList;
			buildConfigurations = (
				CDD21D2323732532005E6E32 /* Debug */,
				CDD21D2423732532005E6E32 /* Release */,
			);
			defaultConfigurationIsVisible = 0;
			defaultConfigurationName = Release;
		};
		CDD21D2523732532005E6E32 /* Build configuration list for PBXNativeTarget "ControlsLab" */ = {
			isa = XCConfigurationList;
			buildConfigurations = (
				CDD21D2623732532005E6E32 /* Debug */,
				CDD21D2723732532005E6E32 /* Release */,
			);
			defaultConfigurationIsVisible = 0;
			defaultConfigurationName = Release;
		};
		CDD21D2823732532005E6E32 /* Build configuration list for PBXNativeTarget "ControlsLabTests" */ = {
			isa = XCConfigurationList;
			buildConfigurations = (
				CDD21D2923732532005E6E32 /* Debug */,
				CDD21D2A23732532005E6E32 /* Release */,
			);
			defaultConfigurationIsVisible = 0;
			defaultConfigurationName = Release;
		};
/* End XCConfigurationList section */
	};
	rootObject = CDD21CFE2373252C005E6E32 /* Project object */;
}
